// !$*UTF8*$!
{
	archiveVersion = 1;
	classes = {
	};
	objectVersion = 46;
	objects = {

/* Begin PBXBuildFile section */
		B79B78571C35F9C7008D1482 /* nav_location_icon.png in Resources */ = {isa = PBXBuildFile; fileRef = B79B784A1C35F9C7008D1482 /* nav_location_icon.png */; };
		B79B78581C35F9C7008D1482 /* nav_textField.png in Resources */ = {isa = PBXBuildFile; fileRef = B79B784B1C35F9C7008D1482 /* nav_textField.png */; };
		B79B78591C35F9C7008D1482 /* tabbar.png in Resources */ = {isa = PBXBuildFile; fileRef = B79B784C1C35F9C7008D1482 /* tabbar.png */; };
		B79B785A1C35F9C7008D1482 /* tb_eye_h.png in Resources */ = {isa = PBXBuildFile; fileRef = B79B784D1C35F9C7008D1482 /* tb_eye_h.png */; };
		B79B785B1C35F9C7008D1482 /* tb_eye_n.png in Resources */ = {isa = PBXBuildFile; fileRef = B79B784E1C35F9C7008D1482 /* tb_eye_n.png */; };
		B79B785C1C35F9C7008D1482 /* tb_found_h.png in Resources */ = {isa = PBXBuildFile; fileRef = B79B784F1C35F9C7008D1482 /* tb_found_h.png */; };
		B79B785D1C35F9C7008D1482 /* tb_found_n.png in Resources */ = {isa = PBXBuildFile; fileRef = B79B78501C35F9C7008D1482 /* tb_found_n.png */; };
		B79B785E1C35F9C7008D1482 /* tb_home_h.png in Resources */ = {isa = PBXBuildFile; fileRef = B79B78511C35F9C7008D1482 /* tb_home_h.png */; };
		B79B785F1C35F9C7008D1482 /* tb_home_n.png in Resources */ = {isa = PBXBuildFile; fileRef = B79B78521C35F9C7008D1482 /* tb_home_n.png */; };
		B79B78601C35F9C7008D1482 /* tb_message_h.png in Resources */ = {isa = PBXBuildFile; fileRef = B79B78531C35F9C7008D1482 /* tb_message_h.png */; };
		B79B78611C35F9C7008D1482 /* tb_message_n.png in Resources */ = {isa = PBXBuildFile; fileRef = B79B78541C35F9C7008D1482 /* tb_message_n.png */; };
		B79B78621C35F9C7008D1482 /* tb_mine_h.png in Resources */ = {isa = PBXBuildFile; fileRef = B79B78551C35F9C7008D1482 /* tb_mine_h.png */; };
		B79B78631C35F9C7008D1482 /* tb_mine_n.png in Resources */ = {isa = PBXBuildFile; fileRef = B79B78561C35F9C7008D1482 /* tb_mine_n.png */; };
		B79B78681C35FC7B008D1482 /* bokr75w.ttf in Resources */ = {isa = PBXBuildFile; fileRef = B79B78651C35FC7B008D1482 /* bokr75w.ttf */; };
		B79B78691C35FC7B008D1482 /* DINCond-Black.otf in Resources */ = {isa = PBXBuildFile; fileRef = B79B78661C35FC7B008D1482 /* DINCond-Black.otf */; };
		B79B786A1C35FC7B008D1482 /* DINCond-Bold.otf in Resources */ = {isa = PBXBuildFile; fileRef = B79B78671C35FC7B008D1482 /* DINCond-Bold.otf */; };
		B79B786D1C35FE61008D1482 /* search_black.png in Resources */ = {isa = PBXBuildFile; fileRef = B79B786B1C35FE61008D1482 /* search_black.png */; };
		B79B786E1C35FE61008D1482 /* search_ic.png in Resources */ = {isa = PBXBuildFile; fileRef = B79B786C1C35FE61008D1482 /* search_ic.png */; };
		B79B78711CF721C6008D1482 /* SearchViewController.m in Sources */ = {isa = PBXBuildFile; fileRef = B79B78701CF721C6008D1482 /* SearchViewController.m */; };
		B79DA3551C360BF000F0C99D /* IQButtonBarArrowLeft.png in Resources */ = {isa = PBXBuildFile; fileRef = B79DA34F1C360BF000F0C99D /* IQButtonBarArrowLeft.png */; };
		B79DA3561C360BF000F0C99D /* IQButtonBarArrowLeft@2x.png in Resources */ = {isa = PBXBuildFile; fileRef = B79DA3501C360BF000F0C99D /* IQButtonBarArrowLeft@2x.png */; };
		B79DA3571C360BF000F0C99D /* IQButtonBarArrowLeft@3x.png in Resources */ = {isa = PBXBuildFile; fileRef = B79DA3511C360BF000F0C99D /* IQButtonBarArrowLeft@3x.png */; };
		B79DA3581C360BF000F0C99D /* IQButtonBarArrowRight.png in Resources */ = {isa = PBXBuildFile; fileRef = B79DA3521C360BF000F0C99D /* IQButtonBarArrowRight.png */; };
		B79DA3591C360BF000F0C99D /* IQButtonBarArrowRight@2x.png in Resources */ = {isa = PBXBuildFile; fileRef = B79DA3531C360BF000F0C99D /* IQButtonBarArrowRight@2x.png */; };
		B79DA35A1C360BF000F0C99D /* IQButtonBarArrowRight@3x.png in Resources */ = {isa = PBXBuildFile; fileRef = B79DA3541C360BF000F0C99D /* IQButtonBarArrowRight@3x.png */; };
		B79DA3761C361F9900F0C99D /* HomeViewController.m in Sources */ = {isa = PBXBuildFile; fileRef = B79DA3661C361F9900F0C99D /* HomeViewController.m */; };
		B79DA3771C361F9900F0C99D /* Home.storyboard in Resources */ = {isa = PBXBuildFile; fileRef = B79DA3691C361F9900F0C99D /* Home.storyboard */; };
		B79DA3791C361FCC00F0C99D /* Discoveries.storyboard in Resources */ = {isa = PBXBuildFile; fileRef = B79DA3781C361FCC00F0C99D /* Discoveries.storyboard */; };
		B79DA37B1C361FD700F0C99D /* Messages.storyboard in Resources */ = {isa = PBXBuildFile; fileRef = B79DA37A1C361FD700F0C99D /* Messages.storyboard */; };
		B79DA37D1C361FE200F0C99D /* Timeline.storyboard in Resources */ = {isa = PBXBuildFile; fileRef = B79DA37C1C361FE200F0C99D /* Timeline.storyboard */; };
		B79DA37F1C361FEC00F0C99D /* Me.storyboard in Resources */ = {isa = PBXBuildFile; fileRef = B79DA37E1C361FEC00F0C99D /* Me.storyboard */; };
		B79DA3821C36203000F0C99D /* DiscoverViewController.m in Sources */ = {isa = PBXBuildFile; fileRef = B79DA3811C36203000F0C99D /* DiscoverViewController.m */; };
		B79DA3851C36204300F0C99D /* MessageViewController.m in Sources */ = {isa = PBXBuildFile; fileRef = B79DA3841C36204300F0C99D /* MessageViewController.m */; };
		B79DA3881C36205F00F0C99D /* TimelineViewController.m in Sources */ = {isa = PBXBuildFile; fileRef = B79DA3871C36205F00F0C99D /* TimelineViewController.m */; };
		B79DA38B1C36207800F0C99D /* MeViewController.m in Sources */ = {isa = PBXBuildFile; fileRef = B79DA38A1C36207800F0C99D /* MeViewController.m */; };
		B79DA3961C3631AC00F0C99D /* BaseNavigationController.m in Sources */ = {isa = PBXBuildFile; fileRef = B79DA3901C3631AC00F0C99D /* BaseNavigationController.m */; };
		B79DA3971C3631AC00F0C99D /* BaseTabBarController.m in Sources */ = {isa = PBXBuildFile; fileRef = B79DA3921C3631AC00F0C99D /* BaseTabBarController.m */; };
		B79DA50E1CF6CCB600F0C99D /* HTTPServer.m in Sources */ = {isa = PBXBuildFile; fileRef = B79DA50D1CF6CCB600F0C99D /* HTTPServer.m */; };
		B79DA51D1CF6CD9200F0C99D /* AFHTTPSessionManager.m in Sources */ = {isa = PBXBuildFile; fileRef = B79DA5111CF6CD9200F0C99D /* AFHTTPSessionManager.m */; };
		B79DA51E1CF6CD9200F0C99D /* AFNetworkReachabilityManager.m in Sources */ = {isa = PBXBuildFile; fileRef = B79DA5141CF6CD9200F0C99D /* AFNetworkReachabilityManager.m */; };
		B79DA51F1CF6CD9200F0C99D /* AFSecurityPolicy.m in Sources */ = {isa = PBXBuildFile; fileRef = B79DA5161CF6CD9200F0C99D /* AFSecurityPolicy.m */; };
		B79DA5201CF6CD9200F0C99D /* AFURLRequestSerialization.m in Sources */ = {isa = PBXBuildFile; fileRef = B79DA5181CF6CD9200F0C99D /* AFURLRequestSerialization.m */; };
		B79DA5211CF6CD9200F0C99D /* AFURLResponseSerialization.m in Sources */ = {isa = PBXBuildFile; fileRef = B79DA51A1CF6CD9200F0C99D /* AFURLResponseSerialization.m */; };
		B79DA5221CF6CD9200F0C99D /* AFURLSessionManager.m in Sources */ = {isa = PBXBuildFile; fileRef = B79DA51C1CF6CD9200F0C99D /* AFURLSessionManager.m */; };
		B79DA5B81CF6F17300F0C99D /* MKAnnotationView+WebCache.m in Sources */ = {isa = PBXBuildFile; fileRef = B79DA5981CF6F17300F0C99D /* MKAnnotationView+WebCache.m */; };
		B79DA5B91CF6F17300F0C99D /* NSData+ImageContentType.m in Sources */ = {isa = PBXBuildFile; fileRef = B79DA59A1CF6F17300F0C99D /* NSData+ImageContentType.m */; };
		B79DA5BA1CF6F17300F0C99D /* SDImageCache.m in Sources */ = {isa = PBXBuildFile; fileRef = B79DA59C1CF6F17300F0C99D /* SDImageCache.m */; };
		B79DA5BB1CF6F17300F0C99D /* SDWebImageCompat.m in Sources */ = {isa = PBXBuildFile; fileRef = B79DA59E1CF6F17300F0C99D /* SDWebImageCompat.m */; };
		B79DA5BC1CF6F17300F0C99D /* SDWebImageDecoder.m in Sources */ = {isa = PBXBuildFile; fileRef = B79DA5A01CF6F17300F0C99D /* SDWebImageDecoder.m */; };
		B79DA5BD1CF6F17300F0C99D /* SDWebImageDownloader.m in Sources */ = {isa = PBXBuildFile; fileRef = B79DA5A21CF6F17300F0C99D /* SDWebImageDownloader.m */; };
		B79DA5BE1CF6F17300F0C99D /* SDWebImageDownloaderOperation.m in Sources */ = {isa = PBXBuildFile; fileRef = B79DA5A41CF6F17300F0C99D /* SDWebImageDownloaderOperation.m */; };
		B79DA5BF1CF6F17300F0C99D /* SDWebImageManager.m in Sources */ = {isa = PBXBuildFile; fileRef = B79DA5A61CF6F17300F0C99D /* SDWebImageManager.m */; };
		B79DA5C01CF6F17300F0C99D /* SDWebImagePrefetcher.m in Sources */ = {isa = PBXBuildFile; fileRef = B79DA5A91CF6F17300F0C99D /* SDWebImagePrefetcher.m */; };
		B79DA5C11CF6F17300F0C99D /* UIButton+WebCache.m in Sources */ = {isa = PBXBuildFile; fileRef = B79DA5AB1CF6F17300F0C99D /* UIButton+WebCache.m */; };
		B79DA5C21CF6F17300F0C99D /* UIImage+GIF.m in Sources */ = {isa = PBXBuildFile; fileRef = B79DA5AD1CF6F17300F0C99D /* UIImage+GIF.m */; };
		B79DA5C31CF6F17300F0C99D /* UIImage+MultiFormat.m in Sources */ = {isa = PBXBuildFile; fileRef = B79DA5AF1CF6F17300F0C99D /* UIImage+MultiFormat.m */; };
		B79DA5C41CF6F17300F0C99D /* UIImage+WebP.m in Sources */ = {isa = PBXBuildFile; fileRef = B79DA5B11CF6F17300F0C99D /* UIImage+WebP.m */; };
		B79DA5C51CF6F17300F0C99D /* UIImageView+HighlightedWebCache.m in Sources */ = {isa = PBXBuildFile; fileRef = B79DA5B31CF6F17300F0C99D /* UIImageView+HighlightedWebCache.m */; };
		B79DA5C61CF6F17300F0C99D /* UIImageView+WebCache.m in Sources */ = {isa = PBXBuildFile; fileRef = B79DA5B51CF6F17300F0C99D /* UIImageView+WebCache.m */; };
		B79DA5C71CF6F17300F0C99D /* UIView+WebCacheOperation.m in Sources */ = {isa = PBXBuildFile; fileRef = B79DA5B71CF6F17300F0C99D /* UIView+WebCacheOperation.m */; };
		B79DA5CA1CF6F2CF00F0C99D /* BaseViewController.m in Sources */ = {isa = PBXBuildFile; fileRef = B79DA5C91CF6F2CF00F0C99D /* BaseViewController.m */; };
		B79DA5CC1CF6F3D400F0C99D /* background.png in Resources */ = {isa = PBXBuildFile; fileRef = B79DA5CB1CF6F3D400F0C99D /* background.png */; };
		B7A1EF491C35FBA4009F35BD /* HomeModel.m in Sources */ = {isa = PBXBuildFile; fileRef = B7A1EF481C35FBA4009F35BD /* HomeModel.m */; };
		B7A1EF4C1C36071C009F35BD /* TopicDetailViewController.m in Sources */ = {isa = PBXBuildFile; fileRef = B7A1EF4B1C36071C009F35BD /* TopicDetailViewController.m */; };
		B7A1EF4F1C3607C4009F35BD /* TopicDetailTableViewController.m in Sources */ = {isa = PBXBuildFile; fileRef = B7A1EF4E1C3607C4009F35BD /* TopicDetailTableViewController.m */; };
		B7A1EF531C361160009F35BD /* StoreInfoTableViewCell.m in Sources */ = {isa = PBXBuildFile; fileRef = B7A1EF511C361160009F35BD /* StoreInfoTableViewCell.m */; };
		B7A1EF541C361160009F35BD /* StoreInfoTableViewCell.xib in Resources */ = {isa = PBXBuildFile; fileRef = B7A1EF521C361160009F35BD /* StoreInfoTableViewCell.xib */; };
		B7A1EF581C361460009F35BD /* store_badge.png in Resources */ = {isa = PBXBuildFile; fileRef = B7A1EF551C361460009F35BD /* store_badge.png */; };
		B7A1EF591C361460009F35BD /* store_badge@2x.png in Resources */ = {isa = PBXBuildFile; fileRef = B7A1EF561C361460009F35BD /* store_badge@2x.png */; };
		B7A1EF5A1C361460009F35BD /* store_badge@3x.png in Resources */ = {isa = PBXBuildFile; fileRef = B7A1EF571C361460009F35BD /* store_badge@3x.png */; };
		B7F067C01C35FAB000FCBD4B /* UIViewExt.m in Sources */ = {isa = PBXBuildFile; fileRef = B7F067BF1C35FAB000FCBD4B /* UIViewExt.m */; };
		B7F067C71C35FBD700FCBD4B /* NSObject+YYModel.m in Sources */ = {isa = PBXBuildFile; fileRef = B7F067C31C35FBD700FCBD4B /* NSObject+YYModel.m */; };
		B7F067C81C35FBD700FCBD4B /* YYClassInfo.m in Sources */ = {isa = PBXBuildFile; fileRef = B7F067C51C35FBD700FCBD4B /* YYClassInfo.m */; };
		B7F067CE1C35FC2F00FCBD4B /* GuideTableViewController.m in Sources */ = {isa = PBXBuildFile; fileRef = B7F067CD1C35FC2F00FCBD4B /* GuideTableViewController.m */; };
		B7F067D11C35FC8800FCBD4B /* GuideModel.m in Sources */ = {isa = PBXBuildFile; fileRef = B7F067D01C35FC8800FCBD4B /* GuideModel.m */; };
		B7F067D51C35FD5E00FCBD4B /* GuideTableViewCell.m in Sources */ = {isa = PBXBuildFile; fileRef = B7F067D31C35FD5E00FCBD4B /* GuideTableViewCell.m */; };
		B7F067D61C35FD5E00FCBD4B /* GuideTableViewCell.xib in Resources */ = {isa = PBXBuildFile; fileRef = B7F067D41C35FD5E00FCBD4B /* GuideTableViewCell.xib */; };
		B7FFBC481CF57110007C1C6E /* main.m in Sources */ = {isa = PBXBuildFile; fileRef = B7FFBC471CF57110007C1C6E /* main.m */; };
		B7FFBC4B1CF57110007C1C6E /* AppDelegate.m in Sources */ = {isa = PBXBuildFile; fileRef = B7FFBC4A1CF57110007C1C6E /* AppDelegate.m */; };
		B7FFBC531CF57110007C1C6E /* Assets.xcassets in Resources */ = {isa = PBXBuildFile; fileRef = B7FFBC521CF57110007C1C6E /* Assets.xcassets */; };
		B7FFBC561CF57110007C1C6E /* LaunchScreen.storyboard in Resources */ = {isa = PBXBuildFile; fileRef = B7FFBC541CF57110007C1C6E /* LaunchScreen.storyboard */; };
		B7FFBC731CF58289007C1C6E /* 4_7inch_launch.gif in Resources */ = {isa = PBXBuildFile; fileRef = B7FFBC6E1CF58289007C1C6E /* 4_7inch_launch.gif */; };
		B7FFBC741CF58289007C1C6E /* 4inch_launch.gif in Resources */ = {isa = PBXBuildFile; fileRef = B7FFBC6F1CF58289007C1C6E /* 4inch_launch.gif */; };
		B7FFBC751CF58289007C1C6E /* 5inch_launch.gif in Resources */ = {isa = PBXBuildFile; fileRef = B7FFBC701CF58289007C1C6E /* 5inch_launch.gif */; };
		B7FFBC761CF58289007C1C6E /* AppIcon60x60@2x.png in Resources */ = {isa = PBXBuildFile; fileRef = B7FFBC711CF58289007C1C6E /* AppIcon60x60@2x.png */; };
		B7FFBC771CF58289007C1C6E /* AppIcon60x60@3x.png in Resources */ = {isa = PBXBuildFile; fileRef = B7FFBC721CF58289007C1C6E /* AppIcon60x60@3x.png */; };
/* End PBXBuildFile section */

/* Begin PBXFileReference section */
		B79B784A1C35F9C7008D1482 /* nav_location_icon.png */ = {isa = PBXFileReference; lastKnownFileType = image.png; path = nav_location_icon.png; sourceTree = "<group>"; };
		B79B784B1C35F9C7008D1482 /* nav_textField.png */ = {isa = PBXFileReference; lastKnownFileType = image.png; path = nav_textField.png; sourceTree = "<group>"; };
		B79B784C1C35F9C7008D1482 /* tabbar.png */ = {isa = PBXFileReference; lastKnownFileType = image.png; path = tabbar.png; sourceTree = "<group>"; };
		B79B784D1C35F9C7008D1482 /* tb_eye_h.png */ = {isa = PBXFileReference; lastKnownFileType = image.png; path = tb_eye_h.png; sourceTree = "<group>"; };
		B79B784E1C35F9C7008D1482 /* tb_eye_n.png */ = {isa = PBXFileReference; lastKnownFileType = image.png; path = tb_eye_n.png; sourceTree = "<group>"; };
		B79B784F1C35F9C7008D1482 /* tb_found_h.png */ = {isa = PBXFileReference; lastKnownFileType = image.png; path = tb_found_h.png; sourceTree = "<group>"; };
		B79B78501C35F9C7008D1482 /* tb_found_n.png */ = {isa = PBXFileReference; lastKnownFileType = image.png; path = tb_found_n.png; sourceTree = "<group>"; };
		B79B78511C35F9C7008D1482 /* tb_home_h.png */ = {isa = PBXFileReference; lastKnownFileType = image.png; path = tb_home_h.png; sourceTree = "<group>"; };
		B79B78521C35F9C7008D1482 /* tb_home_n.png */ = {isa = PBXFileReference; lastKnownFileType = image.png; path = tb_home_n.png; sourceTree = "<group>"; };
		B79B78531C35F9C7008D1482 /* tb_message_h.png */ = {isa = PBXFileReference; lastKnownFileType = image.png; path = tb_message_h.png; sourceTree = "<group>"; };
		B79B78541C35F9C7008D1482 /* tb_message_n.png */ = {isa = PBXFileReference; lastKnownFileType = image.png; path = tb_message_n.png; sourceTree = "<group>"; };
		B79B78551C35F9C7008D1482 /* tb_mine_h.png */ = {isa = PBXFileReference; lastKnownFileType = image.png; path = tb_mine_h.png; sourceTree = "<group>"; };
		B79B78561C35F9C7008D1482 /* tb_mine_n.png */ = {isa = PBXFileReference; lastKnownFileType = image.png; path = tb_mine_n.png; sourceTree = "<group>"; };
		B79B78651C35FC7B008D1482 /* bokr75w.ttf */ = {isa = PBXFileReference; lastKnownFileType = file; path = bokr75w.ttf; sourceTree = "<group>"; };
		B79B78661C35FC7B008D1482 /* DINCond-Black.otf */ = {isa = PBXFileReference; lastKnownFileType = file; path = "DINCond-Black.otf"; sourceTree = "<group>"; };
		B79B78671C35FC7B008D1482 /* DINCond-Bold.otf */ = {isa = PBXFileReference; lastKnownFileType = file; path = "DINCond-Bold.otf"; sourceTree = "<group>"; };
		B79B786B1C35FE61008D1482 /* search_black.png */ = {isa = PBXFileReference; lastKnownFileType = image.png; path = search_black.png; sourceTree = "<group>"; };
		B79B786C1C35FE61008D1482 /* search_ic.png */ = {isa = PBXFileReference; lastKnownFileType = image.png; path = search_ic.png; sourceTree = "<group>"; };
		B79B786F1CF721C6008D1482 /* SearchViewController.h */ = {isa = PBXFileReference; fileEncoding = 4; lastKnownFileType = sourcecode.c.h; path = SearchViewController.h; sourceTree = "<group>"; };
		B79B78701CF721C6008D1482 /* SearchViewController.m */ = {isa = PBXFileReference; fileEncoding = 4; lastKnownFileType = sourcecode.c.objc; path = SearchViewController.m; sourceTree = "<group>"; };
		B79DA32F1C36046F00F0C99D /* MarsHeader.pch */ = {isa = PBXFileReference; lastKnownFileType = sourcecode.c.h; path = MarsHeader.pch; sourceTree = "<group>"; };
		B79DA34F1C360BF000F0C99D /* IQButtonBarArrowLeft.png */ = {isa = PBXFileReference; lastKnownFileType = image.png; path = IQButtonBarArrowLeft.png; sourceTree = "<group>"; };
		B79DA3501C360BF000F0C99D /* IQButtonBarArrowLeft@2x.png */ = {isa = PBXFileReference; lastKnownFileType = image.png; path = "IQButtonBarArrowLeft@2x.png"; sourceTree = "<group>"; };
		B79DA3511C360BF000F0C99D /* IQButtonBarArrowLeft@3x.png */ = {isa = PBXFileReference; lastKnownFileType = image.png; path = "IQButtonBarArrowLeft@3x.png"; sourceTree = "<group>"; };
		B79DA3521C360BF000F0C99D /* IQButtonBarArrowRight.png */ = {isa = PBXFileReference; lastKnownFileType = image.png; path = IQButtonBarArrowRight.png; sourceTree = "<group>"; };
		B79DA3531C360BF000F0C99D /* IQButtonBarArrowRight@2x.png */ = {isa = PBXFileReference; lastKnownFileType = image.png; path = "IQButtonBarArrowRight@2x.png"; sourceTree = "<group>"; };
		B79DA3541C360BF000F0C99D /* IQButtonBarArrowRight@3x.png */ = {isa = PBXFileReference; lastKnownFileType = image.png; path = "IQButtonBarArrowRight@3x.png"; sourceTree = "<group>"; };
		B79DA3651C361F9900F0C99D /* HomeViewController.h */ = {isa = PBXFileReference; fileEncoding = 4; lastKnownFileType = sourcecode.c.h; path = HomeViewController.h; sourceTree = "<group>"; };
		B79DA3661C361F9900F0C99D /* HomeViewController.m */ = {isa = PBXFileReference; fileEncoding = 4; lastKnownFileType = sourcecode.c.objc; path = HomeViewController.m; sourceTree = "<group>"; };
		B79DA3691C361F9900F0C99D /* Home.storyboard */ = {isa = PBXFileReference; fileEncoding = 4; lastKnownFileType = file.storyboard; path = Home.storyboard; sourceTree = "<group>"; };
		B79DA3781C361FCC00F0C99D /* Discoveries.storyboard */ = {isa = PBXFileReference; fileEncoding = 4; lastKnownFileType = file.storyboard; path = Discoveries.storyboard; sourceTree = "<group>"; };
		B79DA37A1C361FD700F0C99D /* Messages.storyboard */ = {isa = PBXFileReference; fileEncoding = 4; lastKnownFileType = file.storyboard; path = Messages.storyboard; sourceTree = "<group>"; };
		B79DA37C1C361FE200F0C99D /* Timeline.storyboard */ = {isa = PBXFileReference; fileEncoding = 4; lastKnownFileType = file.storyboard; path = Timeline.storyboard; sourceTree = "<group>"; };
		B79DA37E1C361FEC00F0C99D /* Me.storyboard */ = {isa = PBXFileReference; fileEncoding = 4; lastKnownFileType = file.storyboard; path = Me.storyboard; sourceTree = "<group>"; };
		B79DA3801C36203000F0C99D /* DiscoverViewController.h */ = {isa = PBXFileReference; fileEncoding = 4; lastKnownFileType = sourcecode.c.h; path = DiscoverViewController.h; sourceTree = "<group>"; };
		B79DA3811C36203000F0C99D /* DiscoverViewController.m */ = {isa = PBXFileReference; fileEncoding = 4; lastKnownFileType = sourcecode.c.objc; path = DiscoverViewController.m; sourceTree = "<group>"; };
		B79DA3831C36204300F0C99D /* MessageViewController.h */ = {isa = PBXFileReference; fileEncoding = 4; lastKnownFileType = sourcecode.c.h; path = MessageViewController.h; sourceTree = "<group>"; };
		B79DA3841C36204300F0C99D /* MessageViewController.m */ = {isa = PBXFileReference; fileEncoding = 4; lastKnownFileType = sourcecode.c.objc; path = MessageViewController.m; sourceTree = "<group>"; };
		B79DA3861C36205F00F0C99D /* TimelineViewController.h */ = {isa = PBXFileReference; fileEncoding = 4; lastKnownFileType = sourcecode.c.h; path = TimelineViewController.h; sourceTree = "<group>"; };
		B79DA3871C36205F00F0C99D /* TimelineViewController.m */ = {isa = PBXFileReference; fileEncoding = 4; lastKnownFileType = sourcecode.c.objc; path = TimelineViewController.m; sourceTree = "<group>"; };
		B79DA3891C36207800F0C99D /* MeViewController.h */ = {isa = PBXFileReference; fileEncoding = 4; lastKnownFileType = sourcecode.c.h; path = MeViewController.h; sourceTree = "<group>"; };
		B79DA38A1C36207800F0C99D /* MeViewController.m */ = {isa = PBXFileReference; fileEncoding = 4; lastKnownFileType = sourcecode.c.objc; path = MeViewController.m; sourceTree = "<group>"; };
		B79DA38D1C3631AC00F0C99D /* common.h */ = {isa = PBXFileReference; fileEncoding = 4; lastKnownFileType = sourcecode.c.h; path = common.h; sourceTree = "<group>"; };
		B79DA38F1C3631AC00F0C99D /* BaseNavigationController.h */ = {isa = PBXFileReference; fileEncoding = 4; lastKnownFileType = sourcecode.c.h; path = BaseNavigationController.h; sourceTree = "<group>"; };
		B79DA3901C3631AC00F0C99D /* BaseNavigationController.m */ = {isa = PBXFileReference; fileEncoding = 4; lastKnownFileType = sourcecode.c.objc; path = BaseNavigationController.m; sourceTree = "<group>"; };
		B79DA3911C3631AC00F0C99D /* BaseTabBarController.h */ = {isa = PBXFileReference; fileEncoding = 4; lastKnownFileType = sourcecode.c.h; path = BaseTabBarController.h; sourceTree = "<group>"; };
		B79DA3921C3631AC00F0C99D /* BaseTabBarController.m */ = {isa = PBXFileReference; fileEncoding = 4; lastKnownFileType = sourcecode.c.objc; path = BaseTabBarController.m; sourceTree = "<group>"; };
		B79DA50C1CF6CCB600F0C99D /* HTTPServer.h */ = {isa = PBXFileReference; fileEncoding = 4; lastKnownFileType = sourcecode.c.h; path = HTTPServer.h; sourceTree = "<group>"; };
		B79DA50D1CF6CCB600F0C99D /* HTTPServer.m */ = {isa = PBXFileReference; fileEncoding = 4; lastKnownFileType = sourcecode.c.objc; path = HTTPServer.m; sourceTree = "<group>"; };
		B79DA5101CF6CD9200F0C99D /* AFHTTPSessionManager.h */ = {isa = PBXFileReference; fileEncoding = 4; lastKnownFileType = sourcecode.c.h; path = AFHTTPSessionManager.h; sourceTree = "<group>"; };
		B79DA5111CF6CD9200F0C99D /* AFHTTPSessionManager.m */ = {isa = PBXFileReference; fileEncoding = 4; lastKnownFileType = sourcecode.c.objc; path = AFHTTPSessionManager.m; sourceTree = "<group>"; };
		B79DA5121CF6CD9200F0C99D /* AFNetworking.h */ = {isa = PBXFileReference; fileEncoding = 4; lastKnownFileType = sourcecode.c.h; path = AFNetworking.h; sourceTree = "<group>"; };
		B79DA5131CF6CD9200F0C99D /* AFNetworkReachabilityManager.h */ = {isa = PBXFileReference; fileEncoding = 4; lastKnownFileType = sourcecode.c.h; path = AFNetworkReachabilityManager.h; sourceTree = "<group>"; };
		B79DA5141CF6CD9200F0C99D /* AFNetworkReachabilityManager.m */ = {isa = PBXFileReference; fileEncoding = 4; lastKnownFileType = sourcecode.c.objc; path = AFNetworkReachabilityManager.m; sourceTree = "<group>"; };
		B79DA5151CF6CD9200F0C99D /* AFSecurityPolicy.h */ = {isa = PBXFileReference; fileEncoding = 4; lastKnownFileType = sourcecode.c.h; path = AFSecurityPolicy.h; sourceTree = "<group>"; };
		B79DA5161CF6CD9200F0C99D /* AFSecurityPolicy.m */ = {isa = PBXFileReference; fileEncoding = 4; lastKnownFileType = sourcecode.c.objc; path = AFSecurityPolicy.m; sourceTree = "<group>"; };
		B79DA5171CF6CD9200F0C99D /* AFURLRequestSerialization.h */ = {isa = PBXFileReference; fileEncoding = 4; lastKnownFileType = sourcecode.c.h; path = AFURLRequestSerialization.h; sourceTree = "<group>"; };
		B79DA5181CF6CD9200F0C99D /* AFURLRequestSerialization.m */ = {isa = PBXFileReference; fileEncoding = 4; lastKnownFileType = sourcecode.c.objc; path = AFURLRequestSerialization.m; sourceTree = "<group>"; };
		B79DA5191CF6CD9200F0C99D /* AFURLResponseSerialization.h */ = {isa = PBXFileReference; fileEncoding = 4; lastKnownFileType = sourcecode.c.h; path = AFURLResponseSerialization.h; sourceTree = "<group>"; };
		B79DA51A1CF6CD9200F0C99D /* AFURLResponseSerialization.m */ = {isa = PBXFileReference; fileEncoding = 4; lastKnownFileType = sourcecode.c.objc; path = AFURLResponseSerialization.m; sourceTree = "<group>"; };
		B79DA51B1CF6CD9200F0C99D /* AFURLSessionManager.h */ = {isa = PBXFileReference; fileEncoding = 4; lastKnownFileType = sourcecode.c.h; path = AFURLSessionManager.h; sourceTree = "<group>"; };
		B79DA51C1CF6CD9200F0C99D /* AFURLSessionManager.m */ = {isa = PBXFileReference; fileEncoding = 4; lastKnownFileType = sourcecode.c.objc; path = AFURLSessionManager.m; sourceTree = "<group>"; };
		B79DA5971CF6F17300F0C99D /* MKAnnotationView+WebCache.h */ = {isa = PBXFileReference; fileEncoding = 4; lastKnownFileType = sourcecode.c.h; path = "MKAnnotationView+WebCache.h"; sourceTree = "<group>"; };
		B79DA5981CF6F17300F0C99D /* MKAnnotationView+WebCache.m */ = {isa = PBXFileReference; fileEncoding = 4; lastKnownFileType = sourcecode.c.objc; path = "MKAnnotationView+WebCache.m"; sourceTree = "<group>"; };
		B79DA5991CF6F17300F0C99D /* NSData+ImageContentType.h */ = {isa = PBXFileReference; fileEncoding = 4; lastKnownFileType = sourcecode.c.h; path = "NSData+ImageContentType.h"; sourceTree = "<group>"; };
		B79DA59A1CF6F17300F0C99D /* NSData+ImageContentType.m */ = {isa = PBXFileReference; fileEncoding = 4; lastKnownFileType = sourcecode.c.objc; path = "NSData+ImageContentType.m"; sourceTree = "<group>"; };
		B79DA59B1CF6F17300F0C99D /* SDImageCache.h */ = {isa = PBXFileReference; fileEncoding = 4; lastKnownFileType = sourcecode.c.h; path = SDImageCache.h; sourceTree = "<group>"; };
		B79DA59C1CF6F17300F0C99D /* SDImageCache.m */ = {isa = PBXFileReference; fileEncoding = 4; lastKnownFileType = sourcecode.c.objc; path = SDImageCache.m; sourceTree = "<group>"; };
		B79DA59D1CF6F17300F0C99D /* SDWebImageCompat.h */ = {isa = PBXFileReference; fileEncoding = 4; lastKnownFileType = sourcecode.c.h; path = SDWebImageCompat.h; sourceTree = "<group>"; };
		B79DA59E1CF6F17300F0C99D /* SDWebImageCompat.m */ = {isa = PBXFileReference; fileEncoding = 4; lastKnownFileType = sourcecode.c.objc; path = SDWebImageCompat.m; sourceTree = "<group>"; };
		B79DA59F1CF6F17300F0C99D /* SDWebImageDecoder.h */ = {isa = PBXFileReference; fileEncoding = 4; lastKnownFileType = sourcecode.c.h; path = SDWebImageDecoder.h; sourceTree = "<group>"; };
		B79DA5A01CF6F17300F0C99D /* SDWebImageDecoder.m */ = {isa = PBXFileReference; fileEncoding = 4; lastKnownFileType = sourcecode.c.objc; path = SDWebImageDecoder.m; sourceTree = "<group>"; };
		B79DA5A11CF6F17300F0C99D /* SDWebImageDownloader.h */ = {isa = PBXFileReference; fileEncoding = 4; lastKnownFileType = sourcecode.c.h; path = SDWebImageDownloader.h; sourceTree = "<group>"; };
		B79DA5A21CF6F17300F0C99D /* SDWebImageDownloader.m */ = {isa = PBXFileReference; fileEncoding = 4; lastKnownFileType = sourcecode.c.objc; path = SDWebImageDownloader.m; sourceTree = "<group>"; };
		B79DA5A31CF6F17300F0C99D /* SDWebImageDownloaderOperation.h */ = {isa = PBXFileReference; fileEncoding = 4; lastKnownFileType = sourcecode.c.h; path = SDWebImageDownloaderOperation.h; sourceTree = "<group>"; };
		B79DA5A41CF6F17300F0C99D /* SDWebImageDownloaderOperation.m */ = {isa = PBXFileReference; fileEncoding = 4; lastKnownFileType = sourcecode.c.objc; path = SDWebImageDownloaderOperation.m; sourceTree = "<group>"; };
		B79DA5A51CF6F17300F0C99D /* SDWebImageManager.h */ = {isa = PBXFileReference; fileEncoding = 4; lastKnownFileType = sourcecode.c.h; path = SDWebImageManager.h; sourceTree = "<group>"; };
		B79DA5A61CF6F17300F0C99D /* SDWebImageManager.m */ = {isa = PBXFileReference; fileEncoding = 4; lastKnownFileType = sourcecode.c.objc; path = SDWebImageManager.m; sourceTree = "<group>"; };
		B79DA5A71CF6F17300F0C99D /* SDWebImageOperation.h */ = {isa = PBXFileReference; fileEncoding = 4; lastKnownFileType = sourcecode.c.h; path = SDWebImageOperation.h; sourceTree = "<group>"; };
		B79DA5A81CF6F17300F0C99D /* SDWebImagePrefetcher.h */ = {isa = PBXFileReference; fileEncoding = 4; lastKnownFileType = sourcecode.c.h; path = SDWebImagePrefetcher.h; sourceTree = "<group>"; };
		B79DA5A91CF6F17300F0C99D /* SDWebImagePrefetcher.m */ = {isa = PBXFileReference; fileEncoding = 4; lastKnownFileType = sourcecode.c.objc; path = SDWebImagePrefetcher.m; sourceTree = "<group>"; };
		B79DA5AA1CF6F17300F0C99D /* UIButton+WebCache.h */ = {isa = PBXFileReference; fileEncoding = 4; lastKnownFileType = sourcecode.c.h; path = "UIButton+WebCache.h"; sourceTree = "<group>"; };
		B79DA5AB1CF6F17300F0C99D /* UIButton+WebCache.m */ = {isa = PBXFileReference; fileEncoding = 4; lastKnownFileType = sourcecode.c.objc; path = "UIButton+WebCache.m"; sourceTree = "<group>"; };
		B79DA5AC1CF6F17300F0C99D /* UIImage+GIF.h */ = {isa = PBXFileReference; fileEncoding = 4; lastKnownFileType = sourcecode.c.h; path = "UIImage+GIF.h"; sourceTree = "<group>"; };
		B79DA5AD1CF6F17300F0C99D /* UIImage+GIF.m */ = {isa = PBXFileReference; fileEncoding = 4; lastKnownFileType = sourcecode.c.objc; path = "UIImage+GIF.m"; sourceTree = "<group>"; };
		B79DA5AE1CF6F17300F0C99D /* UIImage+MultiFormat.h */ = {isa = PBXFileReference; fileEncoding = 4; lastKnownFileType = sourcecode.c.h; path = "UIImage+MultiFormat.h"; sourceTree = "<group>"; };
		B79DA5AF1CF6F17300F0C99D /* UIImage+MultiFormat.m */ = {isa = PBXFileReference; fileEncoding = 4; lastKnownFileType = sourcecode.c.objc; path = "UIImage+MultiFormat.m"; sourceTree = "<group>"; };
		B79DA5B01CF6F17300F0C99D /* UIImage+WebP.h */ = {isa = PBXFileReference; fileEncoding = 4; lastKnownFileType = sourcecode.c.h; path = "UIImage+WebP.h"; sourceTree = "<group>"; };
		B79DA5B11CF6F17300F0C99D /* UIImage+WebP.m */ = {isa = PBXFileReference; fileEncoding = 4; lastKnownFileType = sourcecode.c.objc; path = "UIImage+WebP.m"; sourceTree = "<group>"; };
		B79DA5B21CF6F17300F0C99D /* UIImageView+HighlightedWebCache.h */ = {isa = PBXFileReference; fileEncoding = 4; lastKnownFileType = sourcecode.c.h; path = "UIImageView+HighlightedWebCache.h"; sourceTree = "<group>"; };
		B79DA5B31CF6F17300F0C99D /* UIImageView+HighlightedWebCache.m */ = {isa = PBXFileReference; fileEncoding = 4; lastKnownFileType = sourcecode.c.objc; path = "UIImageView+HighlightedWebCache.m"; sourceTree = "<group>"; };
		B79DA5B41CF6F17300F0C99D /* UIImageView+WebCache.h */ = {isa = PBXFileReference; fileEncoding = 4; lastKnownFileType = sourcecode.c.h; path = "UIImageView+WebCache.h"; sourceTree = "<group>"; };
		B79DA5B51CF6F17300F0C99D /* UIImageView+WebCache.m */ = {isa = PBXFileReference; fileEncoding = 4; lastKnownFileType = sourcecode.c.objc; path = "UIImageView+WebCache.m"; sourceTree = "<group>"; };
		B79DA5B61CF6F17300F0C99D /* UIView+WebCacheOperation.h */ = {isa = PBXFileReference; fileEncoding = 4; lastKnownFileType = sourcecode.c.h; path = "UIView+WebCacheOperation.h"; sourceTree = "<group>"; };
		B79DA5B71CF6F17300F0C99D /* UIView+WebCacheOperation.m */ = {isa = PBXFileReference; fileEncoding = 4; lastKnownFileType = sourcecode.c.objc; path = "UIView+WebCacheOperation.m"; sourceTree = "<group>"; };
		B79DA5C81CF6F2CF00F0C99D /* BaseViewController.h */ = {isa = PBXFileReference; fileEncoding = 4; lastKnownFileType = sourcecode.c.h; path = BaseViewController.h; sourceTree = "<group>"; };
		B79DA5C91CF6F2CF00F0C99D /* BaseViewController.m */ = {isa = PBXFileReference; fileEncoding = 4; lastKnownFileType = sourcecode.c.objc; path = BaseViewController.m; sourceTree = "<group>"; };
		B79DA5CB1CF6F3D400F0C99D /* background.png */ = {isa = PBXFileReference; lastKnownFileType = image.png; path = background.png; sourceTree = "<group>"; };
		B7A1EF471C35FBA4009F35BD /* HomeModel.h */ = {isa = PBXFileReference; fileEncoding = 4; lastKnownFileType = sourcecode.c.h; path = HomeModel.h; sourceTree = "<group>"; };
		B7A1EF481C35FBA4009F35BD /* HomeModel.m */ = {isa = PBXFileReference; fileEncoding = 4; lastKnownFileType = sourcecode.c.objc; path = HomeModel.m; sourceTree = "<group>"; };
		B7A1EF4A1C36071C009F35BD /* TopicDetailViewController.h */ = {isa = PBXFileReference; fileEncoding = 4; lastKnownFileType = sourcecode.c.h; path = TopicDetailViewController.h; sourceTree = "<group>"; };
		B7A1EF4B1C36071C009F35BD /* TopicDetailViewController.m */ = {isa = PBXFileReference; fileEncoding = 4; lastKnownFileType = sourcecode.c.objc; path = TopicDetailViewController.m; sourceTree = "<group>"; };
		B7A1EF4D1C3607C4009F35BD /* TopicDetailTableViewController.h */ = {isa = PBXFileReference; fileEncoding = 4; lastKnownFileType = sourcecode.c.h; path = TopicDetailTableViewController.h; sourceTree = "<group>"; };
		B7A1EF4E1C3607C4009F35BD /* TopicDetailTableViewController.m */ = {isa = PBXFileReference; fileEncoding = 4; lastKnownFileType = sourcecode.c.objc; path = TopicDetailTableViewController.m; sourceTree = "<group>"; };
		B7A1EF501C361160009F35BD /* StoreInfoTableViewCell.h */ = {isa = PBXFileReference; fileEncoding = 4; lastKnownFileType = sourcecode.c.h; path = StoreInfoTableViewCell.h; sourceTree = "<group>"; };
		B7A1EF511C361160009F35BD /* StoreInfoTableViewCell.m */ = {isa = PBXFileReference; fileEncoding = 4; lastKnownFileType = sourcecode.c.objc; path = StoreInfoTableViewCell.m; sourceTree = "<group>"; };
		B7A1EF521C361160009F35BD /* StoreInfoTableViewCell.xib */ = {isa = PBXFileReference; fileEncoding = 4; lastKnownFileType = file.xib; path = StoreInfoTableViewCell.xib; sourceTree = "<group>"; };
		B7A1EF551C361460009F35BD /* store_badge.png */ = {isa = PBXFileReference; lastKnownFileType = image.png; path = store_badge.png; sourceTree = "<group>"; };
		B7A1EF561C361460009F35BD /* store_badge@2x.png */ = {isa = PBXFileReference; lastKnownFileType = image.png; path = "store_badge@2x.png"; sourceTree = "<group>"; };
		B7A1EF571C361460009F35BD /* store_badge@3x.png */ = {isa = PBXFileReference; lastKnownFileType = image.png; path = "store_badge@3x.png"; sourceTree = "<group>"; };
		B7F067BE1C35FAB000FCBD4B /* UIViewExt.h */ = {isa = PBXFileReference; fileEncoding = 4; lastKnownFileType = sourcecode.c.h; path = UIViewExt.h; sourceTree = "<group>"; };
		B7F067BF1C35FAB000FCBD4B /* UIViewExt.m */ = {isa = PBXFileReference; fileEncoding = 4; lastKnownFileType = sourcecode.c.objc; path = UIViewExt.m; sourceTree = "<group>"; };
		B7F067C21C35FBD700FCBD4B /* NSObject+YYModel.h */ = {isa = PBXFileReference; fileEncoding = 4; lastKnownFileType = sourcecode.c.h; path = "NSObject+YYModel.h"; sourceTree = "<group>"; };
		B7F067C31C35FBD700FCBD4B /* NSObject+YYModel.m */ = {isa = PBXFileReference; fileEncoding = 4; lastKnownFileType = sourcecode.c.objc; path = "NSObject+YYModel.m"; sourceTree = "<group>"; };
		B7F067C41C35FBD700FCBD4B /* YYClassInfo.h */ = {isa = PBXFileReference; fileEncoding = 4; lastKnownFileType = sourcecode.c.h; path = YYClassInfo.h; sourceTree = "<group>"; };
		B7F067C51C35FBD700FCBD4B /* YYClassInfo.m */ = {isa = PBXFileReference; fileEncoding = 4; lastKnownFileType = sourcecode.c.objc; path = YYClassInfo.m; sourceTree = "<group>"; };
		B7F067C61C35FBD700FCBD4B /* YYModel.h */ = {isa = PBXFileReference; fileEncoding = 4; lastKnownFileType = sourcecode.c.h; path = YYModel.h; sourceTree = "<group>"; };
		B7F067CC1C35FC2F00FCBD4B /* GuideTableViewController.h */ = {isa = PBXFileReference; fileEncoding = 4; lastKnownFileType = sourcecode.c.h; path = GuideTableViewController.h; sourceTree = "<group>"; };
		B7F067CD1C35FC2F00FCBD4B /* GuideTableViewController.m */ = {isa = PBXFileReference; fileEncoding = 4; lastKnownFileType = sourcecode.c.objc; path = GuideTableViewController.m; sourceTree = "<group>"; };
		B7F067CF1C35FC8800FCBD4B /* GuideModel.h */ = {isa = PBXFileReference; fileEncoding = 4; lastKnownFileType = sourcecode.c.h; path = GuideModel.h; sourceTree = "<group>"; };
		B7F067D01C35FC8800FCBD4B /* GuideModel.m */ = {isa = PBXFileReference; fileEncoding = 4; lastKnownFileType = sourcecode.c.objc; path = GuideModel.m; sourceTree = "<group>"; };
		B7F067D21C35FD5E00FCBD4B /* GuideTableViewCell.h */ = {isa = PBXFileReference; fileEncoding = 4; lastKnownFileType = sourcecode.c.h; path = GuideTableViewCell.h; sourceTree = "<group>"; };
		B7F067D31C35FD5E00FCBD4B /* GuideTableViewCell.m */ = {isa = PBXFileReference; fileEncoding = 4; lastKnownFileType = sourcecode.c.objc; path = GuideTableViewCell.m; sourceTree = "<group>"; };
		B7F067D41C35FD5E00FCBD4B /* GuideTableViewCell.xib */ = {isa = PBXFileReference; fileEncoding = 4; lastKnownFileType = file.xib; path = GuideTableViewCell.xib; sourceTree = "<group>"; };
		B7FFBC431CF57110007C1C6E /* Mars.app */ = {isa = PBXFileReference; explicitFileType = wrapper.application; includeInIndex = 0; path = Mars.app; sourceTree = BUILT_PRODUCTS_DIR; };
		B7FFBC471CF57110007C1C6E /* main.m */ = {isa = PBXFileReference; lastKnownFileType = sourcecode.c.objc; path = main.m; sourceTree = "<group>"; };
		B7FFBC491CF57110007C1C6E /* AppDelegate.h */ = {isa = PBXFileReference; lastKnownFileType = sourcecode.c.h; path = AppDelegate.h; sourceTree = "<group>"; };
		B7FFBC4A1CF57110007C1C6E /* AppDelegate.m */ = {isa = PBXFileReference; lastKnownFileType = sourcecode.c.objc; path = AppDelegate.m; sourceTree = "<group>"; };
		B7FFBC521CF57110007C1C6E /* Assets.xcassets */ = {isa = PBXFileReference; lastKnownFileType = folder.assetcatalog; path = Assets.xcassets; sourceTree = "<group>"; };
		B7FFBC551CF57110007C1C6E /* Base */ = {isa = PBXFileReference; lastKnownFileType = file.storyboard; name = Base; path = Base.lproj/LaunchScreen.storyboard; sourceTree = "<group>"; };
		B7FFBC571CF57110007C1C6E /* Info.plist */ = {isa = PBXFileReference; lastKnownFileType = text.plist.xml; path = Info.plist; sourceTree = "<group>"; };
		B7FFBC6E1CF58289007C1C6E /* 4_7inch_launch.gif */ = {isa = PBXFileReference; lastKnownFileType = image.gif; path = 4_7inch_launch.gif; sourceTree = "<group>"; };
		B7FFBC6F1CF58289007C1C6E /* 4inch_launch.gif */ = {isa = PBXFileReference; lastKnownFileType = image.gif; path = 4inch_launch.gif; sourceTree = "<group>"; };
		B7FFBC701CF58289007C1C6E /* 5inch_launch.gif */ = {isa = PBXFileReference; lastKnownFileType = image.gif; path = 5inch_launch.gif; sourceTree = "<group>"; };
		B7FFBC711CF58289007C1C6E /* AppIcon60x60@2x.png */ = {isa = PBXFileReference; lastKnownFileType = image.png; path = "AppIcon60x60@2x.png"; sourceTree = "<group>"; };
		B7FFBC721CF58289007C1C6E /* AppIcon60x60@3x.png */ = {isa = PBXFileReference; lastKnownFileType = image.png; path = "AppIcon60x60@3x.png"; sourceTree = "<group>"; };
/* End PBXFileReference section */

/* Begin PBXFrameworksBuildPhase section */
		B7FFBC401CF57110007C1C6E /* Frameworks */ = {
			isa = PBXFrameworksBuildPhase;
			buildActionMask = 2147483647;
			files = (
			);
			runOnlyForDeploymentPostprocessing = 0;
		};
/* End PBXFrameworksBuildPhase section */

/* Begin PBXGroup section */
		B79B78491C35F9C7008D1482 /* TabBar&Nav */ = {
			isa = PBXGroup;
			children = (
				B79B786B1C35FE61008D1482 /* search_black.png */,
				B79B786C1C35FE61008D1482 /* search_ic.png */,
				B79B784A1C35F9C7008D1482 /* nav_location_icon.png */,
				B79B784B1C35F9C7008D1482 /* nav_textField.png */,
				B79B784C1C35F9C7008D1482 /* tabbar.png */,
				B79B784D1C35F9C7008D1482 /* tb_eye_h.png */,
				B79B784E1C35F9C7008D1482 /* tb_eye_n.png */,
				B79B784F1C35F9C7008D1482 /* tb_found_h.png */,
				B79B78501C35F9C7008D1482 /* tb_found_n.png */,
				B79B78511C35F9C7008D1482 /* tb_home_h.png */,
				B79B78521C35F9C7008D1482 /* tb_home_n.png */,
				B79B78531C35F9C7008D1482 /* tb_message_h.png */,
				B79B78541C35F9C7008D1482 /* tb_message_n.png */,
				B79B78551C35F9C7008D1482 /* tb_mine_h.png */,
				B79B78561C35F9C7008D1482 /* tb_mine_n.png */,
			);
			path = "TabBar&Nav";
			sourceTree = "<group>";
		};
		B79B78641C35FC7B008D1482 /* Font */ = {
			isa = PBXGroup;
			children = (
				B79B78651C35FC7B008D1482 /* bokr75w.ttf */,
				B79B78661C35FC7B008D1482 /* DINCond-Black.otf */,
				B79B78671C35FC7B008D1482 /* DINCond-Bold.otf */,
			);
			path = Font;
			sourceTree = "<group>";
		};
		B79DA32D1C36040D00F0C99D /* FrameWorks */ = {
			isa = PBXGroup;
			children = (
				B7F067C11C35FBD700FCBD4B /* YYModel */,
				B79DA50F1CF6CD9200F0C99D /* AFNetworking */,
				B79DA5961CF6F17300F0C99D /* SDWebImage */,
				B7F067BE1C35FAB000FCBD4B /* UIViewExt.h */,
				B7F067BF1C35FAB000FCBD4B /* UIViewExt.m */,
			);
			path = FrameWorks;
			sourceTree = "<group>";
		};
		B79DA35E1C361F9900F0C99D /* Main */ = {
			isa = PBXGroup;
			children = (
				B79DA3631C361F9900F0C99D /* Home */,
				B79DA35F1C361F9900F0C99D /* Discoveries */,
				B79DA36E1C361F9900F0C99D /* Messages */,
				B79DA3721C361F9900F0C99D /* Timeline */,
				B79DA36A1C361F9900F0C99D /* Me */,
			);
			path = Main;
			sourceTree = "<group>";
		};
		B79DA35F1C361F9900F0C99D /* Discoveries */ = {
			isa = PBXGroup;
			children = (
				B79DA3601C361F9900F0C99D /* Controller */,
				B79DA3611C361F9900F0C99D /* Model */,
				B79DA3621C361F9900F0C99D /* View */,
			);
			path = Discoveries;
			sourceTree = "<group>";
		};
		B79DA3601C361F9900F0C99D /* Controller */ = {
			isa = PBXGroup;
			children = (
				B79DA3801C36203000F0C99D /* DiscoverViewController.h */,
				B79DA3811C36203000F0C99D /* DiscoverViewController.m */,
			);
			path = Controller;
			sourceTree = "<group>";
		};
		B79DA3611C361F9900F0C99D /* Model */ = {
			isa = PBXGroup;
			children = (
			);
			path = Model;
			sourceTree = "<group>";
		};
		B79DA3621C361F9900F0C99D /* View */ = {
			isa = PBXGroup;
			children = (
				B79DA3781C361FCC00F0C99D /* Discoveries.storyboard */,
			);
			path = View;
			sourceTree = "<group>";
		};
		B79DA3631C361F9900F0C99D /* Home */ = {
			isa = PBXGroup;
			children = (
				B79DA3641C361F9900F0C99D /* Controller */,
				B79DA3671C361F9900F0C99D /* Model */,
				B79DA3681C361F9900F0C99D /* View */,
			);
			path = Home;
			sourceTree = "<group>";
		};
		B79DA3641C361F9900F0C99D /* Controller */ = {
			isa = PBXGroup;
			children = (
				B79DA3651C361F9900F0C99D /* HomeViewController.h */,
				B79DA3661C361F9900F0C99D /* HomeViewController.m */,
				B7F067CC1C35FC2F00FCBD4B /* GuideTableViewController.h */,
				B7F067CD1C35FC2F00FCBD4B /* GuideTableViewController.m */,
				B7A1EF4A1C36071C009F35BD /* TopicDetailViewController.h */,
				B7A1EF4B1C36071C009F35BD /* TopicDetailViewController.m */,
				B7A1EF4D1C3607C4009F35BD /* TopicDetailTableViewController.h */,
				B7A1EF4E1C3607C4009F35BD /* TopicDetailTableViewController.m */,
			);
			path = Controller;
			sourceTree = "<group>";
		};
		B79DA3671C361F9900F0C99D /* Model */ = {
			isa = PBXGroup;
			children = (
				B7F067CF1C35FC8800FCBD4B /* GuideModel.h */,
				B7F067D01C35FC8800FCBD4B /* GuideModel.m */,
				B7A1EF471C35FBA4009F35BD /* HomeModel.h */,
				B7A1EF481C35FBA4009F35BD /* HomeModel.m */,
			);
			path = Model;
			sourceTree = "<group>";
		};
		B79DA3681C361F9900F0C99D /* View */ = {
			isa = PBXGroup;
			children = (
				B79DA3691C361F9900F0C99D /* Home.storyboard */,
				B7F067D21C35FD5E00FCBD4B /* GuideTableViewCell.h */,
				B7F067D31C35FD5E00FCBD4B /* GuideTableViewCell.m */,
				B7F067D41C35FD5E00FCBD4B /* GuideTableViewCell.xib */,
				B7A1EF501C361160009F35BD /* StoreInfoTableViewCell.h */,
				B7A1EF511C361160009F35BD /* StoreInfoTableViewCell.m */,
				B7A1EF521C361160009F35BD /* StoreInfoTableViewCell.xib */,
			);
			path = View;
			sourceTree = "<group>";
		};
		B79DA36A1C361F9900F0C99D /* Me */ = {
			isa = PBXGroup;
			children = (
				B79DA36B1C361F9900F0C99D /* Controller */,
				B79DA36C1C361F9900F0C99D /* Model */,
				B79DA36D1C361F9900F0C99D /* View */,
			);
			path = Me;
			sourceTree = "<group>";
		};
		B79DA36B1C361F9900F0C99D /* Controller */ = {
			isa = PBXGroup;
			children = (
				B79DA3891C36207800F0C99D /* MeViewController.h */,
				B79DA38A1C36207800F0C99D /* MeViewController.m */,
			);
			path = Controller;
			sourceTree = "<group>";
		};
		B79DA36C1C361F9900F0C99D /* Model */ = {
			isa = PBXGroup;
			children = (
			);
			path = Model;
			sourceTree = "<group>";
		};
		B79DA36D1C361F9900F0C99D /* View */ = {
			isa = PBXGroup;
			children = (
				B79DA37E1C361FEC00F0C99D /* Me.storyboard */,
			);
			path = View;
			sourceTree = "<group>";
		};
		B79DA36E1C361F9900F0C99D /* Messages */ = {
			isa = PBXGroup;
			children = (
				B79DA36F1C361F9900F0C99D /* Controller */,
				B79DA3701C361F9900F0C99D /* Model */,
				B79DA3711C361F9900F0C99D /* View */,
			);
			path = Messages;
			sourceTree = "<group>";
		};
		B79DA36F1C361F9900F0C99D /* Controller */ = {
			isa = PBXGroup;
			children = (
				B79DA3831C36204300F0C99D /* MessageViewController.h */,
				B79DA3841C36204300F0C99D /* MessageViewController.m */,
			);
			path = Controller;
			sourceTree = "<group>";
		};
		B79DA3701C361F9900F0C99D /* Model */ = {
			isa = PBXGroup;
			children = (
			);
			path = Model;
			sourceTree = "<group>";
		};
		B79DA3711C361F9900F0C99D /* View */ = {
			isa = PBXGroup;
			children = (
				B79DA37A1C361FD700F0C99D /* Messages.storyboard */,
			);
			path = View;
			sourceTree = "<group>";
		};
		B79DA3721C361F9900F0C99D /* Timeline */ = {
			isa = PBXGroup;
			children = (
				B79DA3731C361F9900F0C99D /* Controller */,
				B79DA3741C361F9900F0C99D /* Model */,
				B79DA3751C361F9900F0C99D /* View */,
			);
			path = Timeline;
			sourceTree = "<group>";
		};
		B79DA3731C361F9900F0C99D /* Controller */ = {
			isa = PBXGroup;
			children = (
				B79DA3861C36205F00F0C99D /* TimelineViewController.h */,
				B79DA3871C36205F00F0C99D /* TimelineViewController.m */,
			);
			path = Controller;
			sourceTree = "<group>";
		};
		B79DA3741C361F9900F0C99D /* Model */ = {
			isa = PBXGroup;
			children = (
			);
			path = Model;
			sourceTree = "<group>";
		};
		B79DA3751C361F9900F0C99D /* View */ = {
			isa = PBXGroup;
			children = (
				B79DA37C1C361FE200F0C99D /* Timeline.storyboard */,
			);
			path = View;
			sourceTree = "<group>";
		};
		B79DA38C1C3631AC00F0C99D /* Common */ = {
			isa = PBXGroup;
			children = (
				B79DA38D1C3631AC00F0C99D /* common.h */,
				B79DA38E1C3631AC00F0C99D /* Controllers */,
				B79DA3931C3631AC00F0C99D /* DIYClasses */,
			);
			path = Common;
			sourceTree = "<group>";
		};
		B79DA38E1C3631AC00F0C99D /* Controllers */ = {
			isa = PBXGroup;
			children = (
				B79DA38F1C3631AC00F0C99D /* BaseNavigationController.h */,
				B79DA3901C3631AC00F0C99D /* BaseNavigationController.m */,
				B79B786F1CF721C6008D1482 /* SearchViewController.h */,
				B79B78701CF721C6008D1482 /* SearchViewController.m */,
				B79DA3911C3631AC00F0C99D /* BaseTabBarController.h */,
				B79DA3921C3631AC00F0C99D /* BaseTabBarController.m */,
				B79DA5C81CF6F2CF00F0C99D /* BaseViewController.h */,
				B79DA5C91CF6F2CF00F0C99D /* BaseViewController.m */,
			);
			path = Controllers;
			sourceTree = "<group>";
		};
		B79DA3931C3631AC00F0C99D /* DIYClasses */ = {
			isa = PBXGroup;
			children = (
				B79DA50C1CF6CCB600F0C99D /* HTTPServer.h */,
				B79DA50D1CF6CCB600F0C99D /* HTTPServer.m */,
			);
			path = DIYClasses;
			sourceTree = "<group>";
		};
		B79DA50F1CF6CD9200F0C99D /* AFNetworking */ = {
			isa = PBXGroup;
			children = (
				B79DA5101CF6CD9200F0C99D /* AFHTTPSessionManager.h */,
				B79DA5111CF6CD9200F0C99D /* AFHTTPSessionManager.m */,
				B79DA5121CF6CD9200F0C99D /* AFNetworking.h */,
				B79DA5131CF6CD9200F0C99D /* AFNetworkReachabilityManager.h */,
				B79DA5141CF6CD9200F0C99D /* AFNetworkReachabilityManager.m */,
				B79DA5151CF6CD9200F0C99D /* AFSecurityPolicy.h */,
				B79DA5161CF6CD9200F0C99D /* AFSecurityPolicy.m */,
				B79DA5171CF6CD9200F0C99D /* AFURLRequestSerialization.h */,
				B79DA5181CF6CD9200F0C99D /* AFURLRequestSerialization.m */,
				B79DA5191CF6CD9200F0C99D /* AFURLResponseSerialization.h */,
				B79DA51A1CF6CD9200F0C99D /* AFURLResponseSerialization.m */,
				B79DA51B1CF6CD9200F0C99D /* AFURLSessionManager.h */,
				B79DA51C1CF6CD9200F0C99D /* AFURLSessionManager.m */,
			);
			path = AFNetworking;
			sourceTree = "<group>";
		};
		B79DA5961CF6F17300F0C99D /* SDWebImage */ = {
			isa = PBXGroup;
			children = (
				B79DA5971CF6F17300F0C99D /* MKAnnotationView+WebCache.h */,
				B79DA5981CF6F17300F0C99D /* MKAnnotationView+WebCache.m */,
				B79DA5991CF6F17300F0C99D /* NSData+ImageContentType.h */,
				B79DA59A1CF6F17300F0C99D /* NSData+ImageContentType.m */,
				B79DA59B1CF6F17300F0C99D /* SDImageCache.h */,
				B79DA59C1CF6F17300F0C99D /* SDImageCache.m */,
				B79DA59D1CF6F17300F0C99D /* SDWebImageCompat.h */,
				B79DA59E1CF6F17300F0C99D /* SDWebImageCompat.m */,
				B79DA59F1CF6F17300F0C99D /* SDWebImageDecoder.h */,
				B79DA5A01CF6F17300F0C99D /* SDWebImageDecoder.m */,
				B79DA5A11CF6F17300F0C99D /* SDWebImageDownloader.h */,
				B79DA5A21CF6F17300F0C99D /* SDWebImageDownloader.m */,
				B79DA5A31CF6F17300F0C99D /* SDWebImageDownloaderOperation.h */,
				B79DA5A41CF6F17300F0C99D /* SDWebImageDownloaderOperation.m */,
				B79DA5A51CF6F17300F0C99D /* SDWebImageManager.h */,
				B79DA5A61CF6F17300F0C99D /* SDWebImageManager.m */,
				B79DA5A71CF6F17300F0C99D /* SDWebImageOperation.h */,
				B79DA5A81CF6F17300F0C99D /* SDWebImagePrefetcher.h */,
				B79DA5A91CF6F17300F0C99D /* SDWebImagePrefetcher.m */,
				B79DA5AA1CF6F17300F0C99D /* UIButton+WebCache.h */,
				B79DA5AB1CF6F17300F0C99D /* UIButton+WebCache.m */,
				B79DA5AC1CF6F17300F0C99D /* UIImage+GIF.h */,
				B79DA5AD1CF6F17300F0C99D /* UIImage+GIF.m */,
				B79DA5AE1CF6F17300F0C99D /* UIImage+MultiFormat.h */,
				B79DA5AF1CF6F17300F0C99D /* UIImage+MultiFormat.m */,
				B79DA5B01CF6F17300F0C99D /* UIImage+WebP.h */,
				B79DA5B11CF6F17300F0C99D /* UIImage+WebP.m */,
				B79DA5B21CF6F17300F0C99D /* UIImageView+HighlightedWebCache.h */,
				B79DA5B31CF6F17300F0C99D /* UIImageView+HighlightedWebCache.m */,
				B79DA5B41CF6F17300F0C99D /* UIImageView+WebCache.h */,
				B79DA5B51CF6F17300F0C99D /* UIImageView+WebCache.m */,
				B79DA5B61CF6F17300F0C99D /* UIView+WebCacheOperation.h */,
				B79DA5B71CF6F17300F0C99D /* UIView+WebCacheOperation.m */,
			);
			path = SDWebImage;
			sourceTree = "<group>";
		};
		B7F067C11C35FBD700FCBD4B /* YYModel */ = {
			isa = PBXGroup;
			children = (
				B7F067C21C35FBD700FCBD4B /* NSObject+YYModel.h */,
				B7F067C31C35FBD700FCBD4B /* NSObject+YYModel.m */,
				B7F067C41C35FBD700FCBD4B /* YYClassInfo.h */,
				B7F067C51C35FBD700FCBD4B /* YYClassInfo.m */,
				B7F067C61C35FBD700FCBD4B /* YYModel.h */,
			);
			path = YYModel;
			sourceTree = "<group>";
		};
		B7FFBC3A1CF57110007C1C6E = {
			isa = PBXGroup;
			children = (
				B7FFBC451CF57110007C1C6E /* Mars */,
				B7FFBC441CF57110007C1C6E /* Products */,
			);
			sourceTree = "<group>";
		};
		B7FFBC441CF57110007C1C6E /* Products */ = {
			isa = PBXGroup;
			children = (
				B7FFBC431CF57110007C1C6E /* Mars.app */,
			);
			name = Products;
			sourceTree = "<group>";
		};
		B7FFBC451CF57110007C1C6E /* Mars */ = {
			isa = PBXGroup;
			children = (
				B79DA32D1C36040D00F0C99D /* FrameWorks */,
				B79DA38C1C3631AC00F0C99D /* Common */,
				B79DA35E1C361F9900F0C99D /* Main */,
				B79B78641C35FC7B008D1482 /* Font */,
				B7FFBC671CF5815F007C1C6E /* Images */,
				B7FFBC461CF57110007C1C6E /* Supporting Files */,
			);
			path = Mars;
			sourceTree = "<group>";
		};
		B7FFBC461CF57110007C1C6E /* Supporting Files */ = {
			isa = PBXGroup;
			children = (
				B7FFBC521CF57110007C1C6E /* Assets.xcassets */,
				B7FFBC541CF57110007C1C6E /* LaunchScreen.storyboard */,
				B7FFBC571CF57110007C1C6E /* Info.plist */,
				B7FFBC471CF57110007C1C6E /* main.m */,
				B7FFBC491CF57110007C1C6E /* AppDelegate.h */,
				B7FFBC4A1CF57110007C1C6E /* AppDelegate.m */,
				B79DA32F1C36046F00F0C99D /* MarsHeader.pch */,
			);
			name = "Supporting Files";
			sourceTree = "<group>";
		};
		B7FFBC671CF5815F007C1C6E /* Images */ = {
			isa = PBXGroup;
			children = (
				B79B78491C35F9C7008D1482 /* TabBar&Nav */,
				B7FFBC6D1CF58289007C1C6E /* AppIcon&LaunchScreen */,
				B79DA34F1C360BF000F0C99D /* IQButtonBarArrowLeft.png */,
				B79DA3501C360BF000F0C99D /* IQButtonBarArrowLeft@2x.png */,
				B79DA3511C360BF000F0C99D /* IQButtonBarArrowLeft@3x.png */,
				B79DA3521C360BF000F0C99D /* IQButtonBarArrowRight.png */,
				B79DA3531C360BF000F0C99D /* IQButtonBarArrowRight@2x.png */,
				B79DA3541C360BF000F0C99D /* IQButtonBarArrowRight@3x.png */,
				B79DA5CB1CF6F3D400F0C99D /* background.png */,
				B7A1EF551C361460009F35BD /* store_badge.png */,
				B7A1EF561C361460009F35BD /* store_badge@2x.png */,
				B7A1EF571C361460009F35BD /* store_badge@3x.png */,
			);
			path = Images;
			sourceTree = "<group>";
		};
		B7FFBC6D1CF58289007C1C6E /* AppIcon&LaunchScreen */ = {
			isa = PBXGroup;
			children = (
				B7FFBC6E1CF58289007C1C6E /* 4_7inch_launch.gif */,
				B7FFBC6F1CF58289007C1C6E /* 4inch_launch.gif */,
				B7FFBC701CF58289007C1C6E /* 5inch_launch.gif */,
				B7FFBC711CF58289007C1C6E /* AppIcon60x60@2x.png */,
				B7FFBC721CF58289007C1C6E /* AppIcon60x60@3x.png */,
			);
			path = "AppIcon&LaunchScreen";
			sourceTree = "<group>";
		};
/* End PBXGroup section */

/* Begin PBXNativeTarget section */
		B7FFBC421CF57110007C1C6E /* Mars */ = {
			isa = PBXNativeTarget;
			buildConfigurationList = B7FFBC5A1CF57110007C1C6E /* Build configuration list for PBXNativeTarget "Mars" */;
			buildPhases = (
				B7FFBC3F1CF57110007C1C6E /* Sources */,
				B7FFBC401CF57110007C1C6E /* Frameworks */,
				B7FFBC411CF57110007C1C6E /* Resources */,
			);
			buildRules = (
			);
			dependencies = (
			);
			name = Mars;
			productName = Mars;
			productReference = B7FFBC431CF57110007C1C6E /* Mars.app */;
			productType = "com.apple.product-type.application";
		};
/* End PBXNativeTarget section */

/* Begin PBXProject section */
		B7FFBC3B1CF57110007C1C6E /* Project object */ = {
			isa = PBXProject;
			attributes = {
				LastUpgradeCheck = 0730;
				ORGANIZATIONNAME = "Wayde C.";
				TargetAttributes = {
					B7FFBC421CF57110007C1C6E = {
						CreatedOnToolsVersion = 7.3;
						DevelopmentTeam = 7LSR27654J;
					};
				};
			};
			buildConfigurationList = B7FFBC3E1CF57110007C1C6E /* Build configuration list for PBXProject "Mars" */;
			compatibilityVersion = "Xcode 3.2";
			developmentRegion = English;
			hasScannedForEncodings = 0;
			knownRegions = (
				en,
				Base,
			);
			mainGroup = B7FFBC3A1CF57110007C1C6E;
			productRefGroup = B7FFBC441CF57110007C1C6E /* Products */;
			projectDirPath = "";
			projectRoot = "";
			targets = (
				B7FFBC421CF57110007C1C6E /* Mars */,
			);
		};
/* End PBXProject section */

/* Begin PBXResourcesBuildPhase section */
		B7FFBC411CF57110007C1C6E /* Resources */ = {
			isa = PBXResourcesBuildPhase;
			buildActionMask = 2147483647;
			files = (
				B79DA35A1C360BF000F0C99D /* IQButtonBarArrowRight@3x.png in Resources */,
				B79DA5CC1CF6F3D400F0C99D /* background.png in Resources */,
				B7FFBC731CF58289007C1C6E /* 4_7inch_launch.gif in Resources */,
				B79B785E1C35F9C7008D1482 /* tb_home_h.png in Resources */,
				B79DA37B1C361FD700F0C99D /* Messages.storyboard in Resources */,
				B7FFBC751CF58289007C1C6E /* 5inch_launch.gif in Resources */,
				B7A1EF591C361460009F35BD /* store_badge@2x.png in Resources */,
				B79B78611C35F9C7008D1482 /* tb_message_n.png in Resources */,
				B79B78601C35F9C7008D1482 /* tb_message_h.png in Resources */,
				B79DA3551C360BF000F0C99D /* IQButtonBarArrowLeft.png in Resources */,
				B79B78691C35FC7B008D1482 /* DINCond-Black.otf in Resources */,
				B79DA3791C361FCC00F0C99D /* Discoveries.storyboard in Resources */,
				B7A1EF541C361160009F35BD /* StoreInfoTableViewCell.xib in Resources */,
				B79B786E1C35FE61008D1482 /* search_ic.png in Resources */,
				B79B78621C35F9C7008D1482 /* tb_mine_h.png in Resources */,
				B79B78631C35F9C7008D1482 /* tb_mine_n.png in Resources */,
				B7FFBC561CF57110007C1C6E /* LaunchScreen.storyboard in Resources */,
				B79DA3591C360BF000F0C99D /* IQButtonBarArrowRight@2x.png in Resources */,
				B79B785D1C35F9C7008D1482 /* tb_found_n.png in Resources */,
				B7A1EF5A1C361460009F35BD /* store_badge@3x.png in Resources */,
				B79B78591C35F9C7008D1482 /* tabbar.png in Resources */,
				B7FFBC761CF58289007C1C6E /* AppIcon60x60@2x.png in Resources */,
				B79DA3771C361F9900F0C99D /* Home.storyboard in Resources */,
				B7FFBC531CF57110007C1C6E /* Assets.xcassets in Resources */,
				B7FFBC741CF58289007C1C6E /* 4inch_launch.gif in Resources */,
				B79B785A1C35F9C7008D1482 /* tb_eye_h.png in Resources */,
				B79DA3561C360BF000F0C99D /* IQButtonBarArrowLeft@2x.png in Resources */,
				B79DA3581C360BF000F0C99D /* IQButtonBarArrowRight.png in Resources */,
				B79B785F1C35F9C7008D1482 /* tb_home_n.png in Resources */,
				B7F067D61C35FD5E00FCBD4B /* GuideTableViewCell.xib in Resources */,
				B79DA37F1C361FEC00F0C99D /* Me.storyboard in Resources */,
				B79B78581C35F9C7008D1482 /* nav_textField.png in Resources */,
				B79DA37D1C361FE200F0C99D /* Timeline.storyboard in Resources */,
				B79B785B1C35F9C7008D1482 /* tb_eye_n.png in Resources */,
				B79B786D1C35FE61008D1482 /* search_black.png in Resources */,
				B7A1EF581C361460009F35BD /* store_badge.png in Resources */,
				B79B78571C35F9C7008D1482 /* nav_location_icon.png in Resources */,
				B79DA3571C360BF000F0C99D /* IQButtonBarArrowLeft@3x.png in Resources */,
				B7FFBC771CF58289007C1C6E /* AppIcon60x60@3x.png in Resources */,
				B79B78681C35FC7B008D1482 /* bokr75w.ttf in Resources */,
				B79B786A1C35FC7B008D1482 /* DINCond-Bold.otf in Resources */,
				B79B785C1C35F9C7008D1482 /* tb_found_h.png in Resources */,
			);
			runOnlyForDeploymentPostprocessing = 0;
		};
/* End PBXResourcesBuildPhase section */

/* Begin PBXSourcesBuildPhase section */
		B7FFBC3F1CF57110007C1C6E /* Sources */ = {
			isa = PBXSourcesBuildPhase;
			buildActionMask = 2147483647;
			files = (
				B79DA5BD1CF6F17300F0C99D /* SDWebImageDownloader.m in Sources */,
				B7FFBC4B1CF57110007C1C6E /* AppDelegate.m in Sources */,
				B79DA3821C36203000F0C99D /* DiscoverViewController.m in Sources */,
				B79DA5C01CF6F17300F0C99D /* SDWebImagePrefetcher.m in Sources */,
				B79DA5C71CF6F17300F0C99D /* UIView+WebCacheOperation.m in Sources */,
				B79DA3851C36204300F0C99D /* MessageViewController.m in Sources */,
				B7FFBC481CF57110007C1C6E /* main.m in Sources */,
				B7A1EF491C35FBA4009F35BD /* HomeModel.m in Sources */,
				B7F067C01C35FAB000FCBD4B /* UIViewExt.m in Sources */,
				B7F067CE1C35FC2F00FCBD4B /* GuideTableViewController.m in Sources */,
				B79DA5CA1CF6F2CF00F0C99D /* BaseViewController.m in Sources */,
				B7A1EF4F1C3607C4009F35BD /* TopicDetailTableViewController.m in Sources */,
				B79DA5C31CF6F17300F0C99D /* UIImage+MultiFormat.m in Sources */,
				B79DA5C41CF6F17300F0C99D /* UIImage+WebP.m in Sources */,
				B79DA5211CF6CD9200F0C99D /* AFURLResponseSerialization.m in Sources */,
				B79DA50E1CF6CCB600F0C99D /* HTTPServer.m in Sources */,
				B7A1EF4C1C36071C009F35BD /* TopicDetailViewController.m in Sources */,
				B79DA5C61CF6F17300F0C99D /* UIImageView+WebCache.m in Sources */,
				B79DA5201CF6CD9200F0C99D /* AFURLRequestSerialization.m in Sources */,
				B7F067D51C35FD5E00FCBD4B /* GuideTableViewCell.m in Sources */,
				B79DA51D1CF6CD9200F0C99D /* AFHTTPSessionManager.m in Sources */,
				B79DA3961C3631AC00F0C99D /* BaseNavigationController.m in Sources */,
				B79DA5221CF6CD9200F0C99D /* AFURLSessionManager.m in Sources */,
				B79DA3971C3631AC00F0C99D /* BaseTabBarController.m in Sources */,
				B79DA3761C361F9900F0C99D /* HomeViewController.m in Sources */,
				B79DA51F1CF6CD9200F0C99D /* AFSecurityPolicy.m in Sources */,
				B79DA5B91CF6F17300F0C99D /* NSData+ImageContentType.m in Sources */,
				B79DA38B1C36207800F0C99D /* MeViewController.m in Sources */,
				B79DA51E1CF6CD9200F0C99D /* AFNetworkReachabilityManager.m in Sources */,
				B79DA5BF1CF6F17300F0C99D /* SDWebImageManager.m in Sources */,
				B79DA5BC1CF6F17300F0C99D /* SDWebImageDecoder.m in Sources */,
				B7F067C81C35FBD700FCBD4B /* YYClassInfo.m in Sources */,
				B79DA5BE1CF6F17300F0C99D /* SDWebImageDownloaderOperation.m in Sources */,
				B7F067C71C35FBD700FCBD4B /* NSObject+YYModel.m in Sources */,
				B79DA3881C36205F00F0C99D /* TimelineViewController.m in Sources */,
				B79B78711CF721C6008D1482 /* SearchViewController.m in Sources */,
				B79DA5B81CF6F17300F0C99D /* MKAnnotationView+WebCache.m in Sources */,
				B79DA5BB1CF6F17300F0C99D /* SDWebImageCompat.m in Sources */,
				B79DA5C11CF6F17300F0C99D /* UIButton+WebCache.m in Sources */,
				B79DA5C51CF6F17300F0C99D /* UIImageView+HighlightedWebCache.m in Sources */,
				B79DA5C21CF6F17300F0C99D /* UIImage+GIF.m in Sources */,
				B79DA5BA1CF6F17300F0C99D /* SDImageCache.m in Sources */,
				B7F067D11C35FC8800FCBD4B /* GuideModel.m in Sources */,
				B7A1EF531C361160009F35BD /* StoreInfoTableViewCell.m in Sources */,
			);
			runOnlyForDeploymentPostprocessing = 0;
		};
/* End PBXSourcesBuildPhase section */

/* Begin PBXVariantGroup section */
		B7FFBC541CF57110007C1C6E /* LaunchScreen.storyboard */ = {
			isa = PBXVariantGroup;
			children = (
				B7FFBC551CF57110007C1C6E /* Base */,
			);
			name = LaunchScreen.storyboard;
			sourceTree = "<group>";
		};
/* End PBXVariantGroup section */

/* Begin XCBuildConfiguration section */
		B7FFBC581CF57110007C1C6E /* Debug */ = {
			isa = XCBuildConfiguration;
			buildSettings = {
				ALWAYS_SEARCH_USER_PATHS = NO;
				CLANG_ANALYZER_NONNULL = YES;
				CLANG_CXX_LANGUAGE_STANDARD = "gnu++0x";
				CLANG_CXX_LIBRARY = "libc++";
				CLANG_ENABLE_MODULES = YES;
				CLANG_ENABLE_OBJC_ARC = YES;
				CLANG_WARN_BOOL_CONVERSION = YES;
				CLANG_WARN_CONSTANT_CONVERSION = YES;
				CLANG_WARN_DIRECT_OBJC_ISA_USAGE = YES_ERROR;
				CLANG_WARN_EMPTY_BODY = YES;
				CLANG_WARN_ENUM_CONVERSION = YES;
				CLANG_WARN_INT_CONVERSION = YES;
				CLANG_WARN_OBJC_ROOT_CLASS = YES_ERROR;
				CLANG_WARN_UNREACHABLE_CODE = YES;
				CLANG_WARN__DUPLICATE_METHOD_MATCH = YES;
				"CODE_SIGN_IDENTITY[sdk=iphoneos*]" = "iPhone Developer";
				COPY_PHASE_STRIP = NO;
				DEBUG_INFORMATION_FORMAT = dwarf;
				ENABLE_STRICT_OBJC_MSGSEND = YES;
				ENABLE_TESTABILITY = YES;
				GCC_C_LANGUAGE_STANDARD = gnu99;
				GCC_DYNAMIC_NO_PIC = NO;
				GCC_NO_COMMON_BLOCKS = YES;
				GCC_OPTIMIZATION_LEVEL = 0;
				GCC_PREPROCESSOR_DEFINITIONS = (
					"DEBUG=1",
					"$(inherited)",
				);
				GCC_WARN_64_TO_32_BIT_CONVERSION = YES;
				GCC_WARN_ABOUT_RETURN_TYPE = YES_ERROR;
				GCC_WARN_UNDECLARED_SELECTOR = YES;
				GCC_WARN_UNINITIALIZED_AUTOS = YES_AGGRESSIVE;
				GCC_WARN_UNUSED_FUNCTION = YES;
				GCC_WARN_UNUSED_VARIABLE = YES;
				IPHONEOS_DEPLOYMENT_TARGET = 9.3;
				MTL_ENABLE_DEBUG_INFO = YES;
				ONLY_ACTIVE_ARCH = YES;
				SDKROOT = iphoneos;
			};
			name = Debug;
		};
		B7FFBC591CF57110007C1C6E /* Release */ = {
			isa = XCBuildConfiguration;
			buildSettings = {
				ALWAYS_SEARCH_USER_PATHS = NO;
				CLANG_ANALYZER_NONNULL = YES;
				CLANG_CXX_LANGUAGE_STANDARD = "gnu++0x";
				CLANG_CXX_LIBRARY = "libc++";
				CLANG_ENABLE_MODULES = YES;
				CLANG_ENABLE_OBJC_ARC = YES;
				CLANG_WARN_BOOL_CONVERSION = YES;
				CLANG_WARN_CONSTANT_CONVERSION = YES;
				CLANG_WARN_DIRECT_OBJC_ISA_USAGE = YES_ERROR;
				CLANG_WARN_EMPTY_BODY = YES;
				CLANG_WARN_ENUM_CONVERSION = YES;
				CLANG_WARN_INT_CONVERSION = YES;
				CLANG_WARN_OBJC_ROOT_CLASS = YES_ERROR;
				CLANG_WARN_UNREACHABLE_CODE = YES;
				CLANG_WARN__DUPLICATE_METHOD_MATCH = YES;
				"CODE_SIGN_IDENTITY[sdk=iphoneos*]" = "iPhone Developer";
				COPY_PHASE_STRIP = NO;
				DEBUG_INFORMATION_FORMAT = "dwarf-with-dsym";
				ENABLE_NS_ASSERTIONS = NO;
				ENABLE_STRICT_OBJC_MSGSEND = YES;
				GCC_C_LANGUAGE_STANDARD = gnu99;
				GCC_NO_COMMON_BLOCKS = YES;
				GCC_WARN_64_TO_32_BIT_CONVERSION = YES;
				GCC_WARN_ABOUT_RETURN_TYPE = YES_ERROR;
				GCC_WARN_UNDECLARED_SELECTOR = YES;
				GCC_WARN_UNINITIALIZED_AUTOS = YES_AGGRESSIVE;
				GCC_WARN_UNUSED_FUNCTION = YES;
				GCC_WARN_UNUSED_VARIABLE = YES;
				IPHONEOS_DEPLOYMENT_TARGET = 9.3;
				MTL_ENABLE_DEBUG_INFO = NO;
				SDKROOT = iphoneos;
				VALIDATE_PRODUCT = YES;
			};
			name = Release;
		};
		B7FFBC5B1CF57110007C1C6E /* Debug */ = {
			isa = XCBuildConfiguration;
			buildSettings = {
				ASSETCATALOG_COMPILER_APPICON_NAME = AppIcon;
				GCC_PREFIX_HEADER = "$(SRCROOT)/Mars/MarsHeader.pch";
				INFOPLIST_FILE = Mars/Info.plist;
				LD_RUNPATH_SEARCH_PATHS = "$(inherited) @executable_path/Frameworks";
				PRODUCT_BUNDLE_IDENTIFIER = "Wayde-C..Mars";
				PRODUCT_NAME = "$(TARGET_NAME)";
			};
			name = Debug;
		};
		B7FFBC5C1CF57110007C1C6E /* Release */ = {
			isa = XCBuildConfiguration;
			buildSettings = {
				ASSETCATALOG_COMPILER_APPICON_NAME = AppIcon;
				GCC_PREFIX_HEADER = "$(SRCROOT)/Mars/MarsHeader.pch";
				INFOPLIST_FILE = Mars/Info.plist;
				LD_RUNPATH_SEARCH_PATHS = "$(inherited) @executable_path/Frameworks";
				PRODUCT_BUNDLE_IDENTIFIER = "Wayde-C..Mars";
				PRODUCT_NAME = "$(TARGET_NAME)";
			};
			name = Release;
		};
/* End XCBuildConfiguration section */

/* Begin XCConfigurationList section */
		B7FFBC3E1CF57110007C1C6E /* Build configuration list for PBXProject "Mars" */ = {
			isa = XCConfigurationList;
			buildConfigurations = (
				B7FFBC581CF57110007C1C6E /* Debug */,
				B7FFBC591CF57110007C1C6E /* Release */,
			);
			defaultConfigurationIsVisible = 0;
			defaultConfigurationName = Release;
		};
		B7FFBC5A1CF57110007C1C6E /* Build configuration list for PBXNativeTarget "Mars" */ = {
			isa = XCConfigurationList;
			buildConfigurations = (
				B7FFBC5B1CF57110007C1C6E /* Debug */,
				B7FFBC5C1CF57110007C1C6E /* Release */,
			);
			defaultConfigurationIsVisible = 0;
			defaultConfigurationName = Release;
		};
/* End XCConfigurationList section */
	};
	rootObject = B7FFBC3B1CF57110007C1C6E /* Project object */;
}
